DEPENDENCIES
  apache2
  apt
  jenkins
    path: .
  jenkins_test
    path: ./test/cookbooks/jenkins_test
  nginx

GRAPH
  apache2 (1.8.14)
  apt (2.3.4)
  bluepill (2.3.1)
    rsyslog (>= 0.0.0)
  build-essential (1.4.4)
  iptables (0.12.0)
  java (1.20.0)
  jenkins (99.1.9)
    apt (>= 0.0.0)
    java (>= 0.0.0)
    poise (~> 1.0.2)
    runit (>= 1.0.0)
    yum (>= 0.0.0)
  jenkins_test (0.0.0)
    jenkins (>= 0.0.0)
  logrotate (1.5.0)
  nginx (2.2.0)
    apt (~> 2.2)
    bluepill (~> 2.3)
    build-essential (~> 1.4)
    ohai (~> 1.1)
    runit (~> 1.2)
    yum (~> 3.0)
    yum-epel (>= 0.0.0)
  ohai (1.1.12)
  pacman (1.1.1)
  poise (1.0.6)
  rsyslog (1.12.2)
  runit (1.5.8)
    build-essential (>= 0.0.0)
    yum (~> 3.0)
    yum-epel (>= 0.0.0)
  yum (3.1.2)
  yum-epel (0.3.4)
    yum (~> 3.0)
